
Microsoft Visual Studio Solution File, Format Version 12.00
# Visual Studio Version 16
VisualStudioVersion = 16.0.29709.97
MinimumVisualStudioVersion = 10.0.40219.1
Project("{FAE04EC0-301F-11D3-BF4B-00C04F79EFBC}") = "Game Design Point", "Game Design Point.csproj", "{19BC7F85-9DF5-4120-B01A-B91E91DFBF75}"
EndProject
Global
	GlobalSection(SolutionConfigurationPlatforms) = preSolution
		Debug|Any CPU = Debug|Any CPU
		Release|Any CPU = Release|Any CPU
	EndGlobalSection
	GlobalSection(ProjectConfigurationPlatforms) = postSolution
		{19BC7F85-9DF5-4120-B01A-B91E91DFBF75}.Debug|Any CPU.ActiveCfg = Debug|Any CPU
		{19BC7F85-9DF5-4120-B01A-B91E91DFBF75}.Debug|Any CPU.Build.0 = Debug|Any CPU
		{19BC7F85-9DF5-4120-B01A-B91E91DFBF75}.Release|Any CPU.ActiveCfg = Release|Any CPU
		{19BC7F85-9DF5-4120-B01A-B91E91DFBF75}.Release|Any CPU.Build.0 = Release|Any CPU
	EndGlobalSection
	GlobalSection(SolutionProperties) = preSolution
		HideSolutionNode = FALSE
	EndGlobalSection
	GlobalSection(ExtensibilityGlobals) = postSolution
		SolutionGuid = {94EF588A-969D-403B-B716-5505BF553F3B}
	EndGlobalSection
EndGlobal
